
Microsoft Visual Studio Solution File, Format Version 12.00
# Visual Studio Version 16
VisualStudioVersion = 16.0.29911.84
MinimumVisualStudioVersion = 10.0.40219.1
Project("{FAE04EC0-301F-11D3-BF4B-00C04F79EFBC}") = "Gimnasio", "Gimnasio\Gimnasio.csproj", "{5B22F4FC-913A-4855-9624-2451A473DE5E}"
EndProject
Global
	GlobalSection(SolutionConfigurationPlatforms) = preSolution
		Debug|Any CPU = Debug|Any CPU
		Release|Any CPU = Release|Any CPU
	EndGlobalSection
	GlobalSection(ProjectConfigurationPlatforms) = postSolution
		{5B22F4FC-913A-4855-9624-2451A473DE5E}.Debug|Any CPU.ActiveCfg = Debug|Any CPU
		{5B22F4FC-913A-4855-9624-2451A473DE5E}.Debug|Any CPU.Build.0 = Debug|Any CPU
		{5B22F4FC-913A-4855-9624-2451A473DE5E}.Release|Any CPU.ActiveCfg = Release|Any CPU
		{5B22F4FC-913A-4855-9624-2451A473DE5E}.Release|Any CPU.Build.0 = Release|Any CPU
	EndGlobalSection
	GlobalSection(SolutionProperties) = preSolution
		HideSolutionNode = FALSE
	EndGlobalSection
	GlobalSection(ExtensibilityGlobals) = postSolution
		SolutionGuid = {3B2FAD03-7C38-4BCA-A331-D2022DEFF6E2}
	EndGlobalSection
EndGlobal
